
Microsoft Visual Studio Solution File, Format Version 12.00
# Visual Studio Version 17
VisualStudioVersion = 17.5.33414.496
MinimumVisualStudioVersion = 10.0.40219.1
Project("{9A19103F-16F7-4668-BE54-9A1E7A4F7556}") = "Pizza.Database", "Pizza.Database\Pizza.Database.csproj", "{13C16432-83DB-470B-9A73-2B1506E9E339}"
EndProject
Project("{9A19103F-16F7-4668-BE54-9A1E7A4F7556}") = "Pizza.Database.IntegrationTests", "Pizza.Database.IntegrationTests\Pizza.Database.IntegrationTests.csproj", "{C118A592-3341-4892-A311-5F02385B1C99}"
EndProject
Project("{FAE04EC0-301F-11D3-BF4B-00C04F79EFBC}") = "Pizza.Api", "Pizza.Api\Pizza.Api.csproj", "{35EB0AC1-5BD4-499A-92E7-B1CB927AE2FC}"
EndProject
Global
	GlobalSection(SolutionConfigurationPlatforms) = preSolution
		Debug|Any CPU = Debug|Any CPU
		Release|Any CPU = Release|Any CPU
	EndGlobalSection
	GlobalSection(ProjectConfigurationPlatforms) = postSolution
		{13C16432-83DB-470B-9A73-2B1506E9E339}.Debug|Any CPU.ActiveCfg = Debug|Any CPU
		{13C16432-83DB-470B-9A73-2B1506E9E339}.Debug|Any CPU.Build.0 = Debug|Any CPU
		{13C16432-83DB-470B-9A73-2B1506E9E339}.Release|Any CPU.ActiveCfg = Release|Any CPU
		{13C16432-83DB-470B-9A73-2B1506E9E339}.Release|Any CPU.Build.0 = Release|Any CPU
		{C118A592-3341-4892-A311-5F02385B1C99}.Debug|Any CPU.ActiveCfg = Debug|Any CPU
		{C118A592-3341-4892-A311-5F02385B1C99}.Debug|Any CPU.Build.0 = Debug|Any CPU
		{C118A592-3341-4892-A311-5F02385B1C99}.Release|Any CPU.ActiveCfg = Release|Any CPU
		{C118A592-3341-4892-A311-5F02385B1C99}.Release|Any CPU.Build.0 = Release|Any CPU
		{35EB0AC1-5BD4-499A-92E7-B1CB927AE2FC}.Debug|Any CPU.ActiveCfg = Debug|Any CPU
		{35EB0AC1-5BD4-499A-92E7-B1CB927AE2FC}.Debug|Any CPU.Build.0 = Debug|Any CPU
		{35EB0AC1-5BD4-499A-92E7-B1CB927AE2FC}.Release|Any CPU.ActiveCfg = Release|Any CPU
		{35EB0AC1-5BD4-499A-92E7-B1CB927AE2FC}.Release|Any CPU.Build.0 = Release|Any CPU
	EndGlobalSection
	GlobalSection(SolutionProperties) = preSolution
		HideSolutionNode = FALSE
	EndGlobalSection
	GlobalSection(ExtensibilityGlobals) = postSolution
		SolutionGuid = {8EAC6C8B-9DF1-4BDC-A97A-B3590335AB54}
	EndGlobalSection
EndGlobal
